
Microsoft Visual Studio Solution File, Format Version 12.00
# Visual Studio Version 16
VisualStudioVersion = 16.0.31129.286
MinimumVisualStudioVersion = 10.0.40219.1
Project("{FAE04EC0-301F-11D3-BF4B-00C04F79EFBC}") = "Nunit_Handson1", "Nunit_Handson1\Nunit_Handson1.csproj", "{D2C18F7D-F882-4579-B174-8566A38E9F29}"
EndProject
Global
	GlobalSection(SolutionConfigurationPlatforms) = preSolution
		Debug|Any CPU = Debug|Any CPU
		Release|Any CPU = Release|Any CPU
	EndGlobalSection
	GlobalSection(ProjectConfigurationPlatforms) = postSolution
		{D2C18F7D-F882-4579-B174-8566A38E9F29}.Debug|Any CPU.ActiveCfg = Debug|Any CPU
		{D2C18F7D-F882-4579-B174-8566A38E9F29}.Debug|Any CPU.Build.0 = Debug|Any CPU
		{D2C18F7D-F882-4579-B174-8566A38E9F29}.Release|Any CPU.ActiveCfg = Release|Any CPU
		{D2C18F7D-F882-4579-B174-8566A38E9F29}.Release|Any CPU.Build.0 = Release|Any CPU
	EndGlobalSection
	GlobalSection(SolutionProperties) = preSolution
		HideSolutionNode = FALSE
	EndGlobalSection
	GlobalSection(ExtensibilityGlobals) = postSolution
		SolutionGuid = {EB5C2B31-639B-4907-A580-0B88642CBFFB}
	EndGlobalSection
EndGlobal
